
Microsoft Visual Studio Solution File, Format Version 12.00
# Visual Studio Version 16
VisualStudioVersion = 16.0.28803.202
MinimumVisualStudioVersion = 10.0.40219.1
Project("{FAE04EC0-301F-11D3-BF4B-00C04F79EFBC}") = "KK_ExpandMaleMaker", "KK_ExpandMaleMaker.csproj", "{94C77007-B1F1-454D-98C0-6D472B7428B2}"
EndProject
Global
	GlobalSection(SolutionConfigurationPlatforms) = preSolution
		Debug|Any CPU = Debug|Any CPU
		Release|Any CPU = Release|Any CPU
	EndGlobalSection
	GlobalSection(ProjectConfigurationPlatforms) = postSolution
		{94C77007-B1F1-454D-98C0-6D472B7428B2}.Debug|Any CPU.ActiveCfg = Debug|Any CPU
		{94C77007-B1F1-454D-98C0-6D472B7428B2}.Debug|Any CPU.Build.0 = Debug|Any CPU
		{94C77007-B1F1-454D-98C0-6D472B7428B2}.Release|Any CPU.ActiveCfg = Release|Any CPU
		{94C77007-B1F1-454D-98C0-6D472B7428B2}.Release|Any CPU.Build.0 = Release|Any CPU
	EndGlobalSection
	GlobalSection(SolutionProperties) = preSolution
		HideSolutionNode = FALSE
	EndGlobalSection
	GlobalSection(ExtensibilityGlobals) = postSolution
		SolutionGuid = {8F7B0179-5607-40CB-B86A-544DCB43FAC0}
	EndGlobalSection
EndGlobal
